// !$*UTF8*$!
{
	archiveVersion = 1;
	classes = {
	};
	objectVersion = 50;
	objects = {

/* Begin PBXBuildFile section */
		916546FC25D0299E00E29EB2 /* AppDelegate.swift in Sources */ = {isa = PBXBuildFile; fileRef = 916546FB25D0299E00E29EB2 /* AppDelegate.swift */; };
		916546FE25D0299E00E29EB2 /* SceneDelegate.swift in Sources */ = {isa = PBXBuildFile; fileRef = 916546FD25D0299E00E29EB2 /* SceneDelegate.swift */; };
		9165470025D0299E00E29EB2 /* MainViewController.swift in Sources */ = {isa = PBXBuildFile; fileRef = 916546FF25D0299E00E29EB2 /* MainViewController.swift */; };
		9165470325D0299E00E29EB2 /* Main.storyboard in Resources */ = {isa = PBXBuildFile; fileRef = 9165470125D0299E00E29EB2 /* Main.storyboard */; };
		9165470625D0299E00E29EB2 /* TochkaTask.xcdatamodeld in Sources */ = {isa = PBXBuildFile; fileRef = 9165470425D0299E00E29EB2 /* TochkaTask.xcdatamodeld */; };
		9165470825D0299F00E29EB2 /* Assets.xcassets in Resources */ = {isa = PBXBuildFile; fileRef = 9165470725D0299F00E29EB2 /* Assets.xcassets */; };
		9165470B25D0299F00E29EB2 /* LaunchScreen.storyboard in Resources */ = {isa = PBXBuildFile; fileRef = 9165470925D0299F00E29EB2 /* LaunchScreen.storyboard */; };
		9165471925D02CCD00E29EB2 /* ViewData.swift in Sources */ = {isa = PBXBuildFile; fileRef = 9165471825D02CCD00E29EB2 /* ViewData.swift */; };
		9165471D25D02DCD00E29EB2 /* NewsViewModel.swift in Sources */ = {isa = PBXBuildFile; fileRef = 9165471C25D02DCD00E29EB2 /* NewsViewModel.swift */; };
/* End PBXBuildFile section */

/* Begin PBXFileReference section */
		916546F825D0299E00E29EB2 /* TochkaTask.app */ = {isa = PBXFileReference; explicitFileType = wrapper.application; includeInIndex = 0; path = TochkaTask.app; sourceTree = BUILT_PRODUCTS_DIR; };
		916546FB25D0299E00E29EB2 /* AppDelegate.swift */ = {isa = PBXFileReference; lastKnownFileType = sourcecode.swift; path = AppDelegate.swift; sourceTree = "<group>"; };
		916546FD25D0299E00E29EB2 /* SceneDelegate.swift */ = {isa = PBXFileReference; lastKnownFileType = sourcecode.swift; path = SceneDelegate.swift; sourceTree = "<group>"; };
		916546FF25D0299E00E29EB2 /* MainViewController.swift */ = {isa = PBXFileReference; lastKnownFileType = sourcecode.swift; path = MainViewController.swift; sourceTree = "<group>"; };
		9165470225D0299E00E29EB2 /* Base */ = {isa = PBXFileReference; lastKnownFileType = file.storyboard; name = Base; path = Base.lproj/Main.storyboard; sourceTree = "<group>"; };
		9165470525D0299E00E29EB2 /* TochkaTask.xcdatamodel */ = {isa = PBXFileReference; lastKnownFileType = wrapper.xcdatamodel; path = TochkaTask.xcdatamodel; sourceTree = "<group>"; };
		9165470725D0299F00E29EB2 /* Assets.xcassets */ = {isa = PBXFileReference; lastKnownFileType = folder.assetcatalog; path = Assets.xcassets; sourceTree = "<group>"; };
		9165470A25D0299F00E29EB2 /* Base */ = {isa = PBXFileReference; lastKnownFileType = file.storyboard; name = Base; path = Base.lproj/LaunchScreen.storyboard; sourceTree = "<group>"; };
		9165470C25D0299F00E29EB2 /* Info.plist */ = {isa = PBXFileReference; lastKnownFileType = text.plist.xml; path = Info.plist; sourceTree = "<group>"; };
		9165471825D02CCD00E29EB2 /* ViewData.swift */ = {isa = PBXFileReference; lastKnownFileType = sourcecode.swift; path = ViewData.swift; sourceTree = "<group>"; };
		9165471C25D02DCD00E29EB2 /* NewsViewModel.swift */ = {isa = PBXFileReference; lastKnownFileType = sourcecode.swift; path = NewsViewModel.swift; sourceTree = "<group>"; };
/* End PBXFileReference section */

/* Begin PBXFrameworksBuildPhase section */
		916546F525D0299E00E29EB2 /* Frameworks */ = {
			isa = PBXFrameworksBuildPhase;
			buildActionMask = 2147483647;
			files = (
			);
			runOnlyForDeploymentPostprocessing = 0;
		};
/* End PBXFrameworksBuildPhase section */

/* Begin PBXGroup section */
		916546EF25D0299E00E29EB2 = {
			isa = PBXGroup;
			children = (
				916546FA25D0299E00E29EB2 /* TochkaTask */,
				916546F925D0299E00E29EB2 /* Products */,
			);
			sourceTree = "<group>";
		};
		916546F925D0299E00E29EB2 /* Products */ = {
			isa = PBXGroup;
			children = (
				916546F825D0299E00E29EB2 /* TochkaTask.app */,
			);
			name = Products;
			sourceTree = "<group>";
		};
		916546FA25D0299E00E29EB2 /* TochkaTask */ = {
			isa = PBXGroup;
			children = (
				9165471525D02C9200E29EB2 /* MainModule */,
				916546FB25D0299E00E29EB2 /* AppDelegate.swift */,
				916546FD25D0299E00E29EB2 /* SceneDelegate.swift */,
				9165470125D0299E00E29EB2 /* Main.storyboard */,
				9165470725D0299F00E29EB2 /* Assets.xcassets */,
				9165470925D0299F00E29EB2 /* LaunchScreen.storyboard */,
				9165470C25D0299F00E29EB2 /* Info.plist */,
				9165470425D0299E00E29EB2 /* TochkaTask.xcdatamodeld */,
			);
			path = TochkaTask;
			sourceTree = "<group>";
		};
		9165471425D02C7900E29EB2 /* View */ = {
			isa = PBXGroup;
			children = (
				916546FF25D0299E00E29EB2 /* MainViewController.swift */,
			);
			path = View;
			sourceTree = "<group>";
		};
		9165471525D02C9200E29EB2 /* MainModule */ = {
			isa = PBXGroup;
			children = (
				9165471B25D02DBB00E29EB2 /* ViewModel */,
				9165471725D02CBC00E29EB2 /* Model */,
				9165471425D02C7900E29EB2 /* View */,
			);
			path = MainModule;
			sourceTree = "<group>";
		};
		9165471725D02CBC00E29EB2 /* Model */ = {
			isa = PBXGroup;
			children = (
				9165471825D02CCD00E29EB2 /* ViewData.swift */,
			);
			path = Model;
			sourceTree = "<group>";
		};
		9165471B25D02DBB00E29EB2 /* ViewModel */ = {
			isa = PBXGroup;
			children = (
				9165471C25D02DCD00E29EB2 /* NewsViewModel.swift */,
			);
			path = ViewModel;
			sourceTree = "<group>";
		};
/* End PBXGroup section */

/* Begin PBXNativeTarget section */
		916546F725D0299E00E29EB2 /* TochkaTask */ = {
			isa = PBXNativeTarget;
			buildConfigurationList = 9165470F25D0299F00E29EB2 /* Build configuration list for PBXNativeTarget "TochkaTask" */;
			buildPhases = (
				916546F425D0299E00E29EB2 /* Sources */,
				916546F525D0299E00E29EB2 /* Frameworks */,
				916546F625D0299E00E29EB2 /* Resources */,
			);
			buildRules = (
			);
			dependencies = (
			);
			name = TochkaTask;
			productName = TochkaTask;
			productReference = 916546F825D0299E00E29EB2 /* TochkaTask.app */;
			productType = "com.apple.product-type.application";
		};
/* End PBXNativeTarget section */

/* Begin PBXProject section */
		916546F025D0299E00E29EB2 /* Project object */ = {
			isa = PBXProject;
			attributes = {
				LastSwiftUpdateCheck = 1230;
				LastUpgradeCheck = 1230;
				TargetAttributes = {
					916546F725D0299E00E29EB2 = {
						CreatedOnToolsVersion = 12.3;
					};
				};
			};
			buildConfigurationList = 916546F325D0299E00E29EB2 /* Build configuration list for PBXProject "TochkaTask" */;
			compatibilityVersion = "Xcode 9.3";
			developmentRegion = en;
			hasScannedForEncodings = 0;
			knownRegions = (
				en,
				Base,
			);
			mainGroup = 916546EF25D0299E00E29EB2;
			productRefGroup = 916546F925D0299E00E29EB2 /* Products */;
			projectDirPath = "";
			projectRoot = "";
			targets = (
				916546F725D0299E00E29EB2 /* TochkaTask */,
			);
		};
/* End PBXProject section */

/* Begin PBXResourcesBuildPhase section */
		916546F625D0299E00E29EB2 /* Resources */ = {
			isa = PBXResourcesBuildPhase;
			buildActionMask = 2147483647;
			files = (
				9165470B25D0299F00E29EB2 /* LaunchScreen.storyboard in Resources */,
				9165470825D0299F00E29EB2 /* Assets.xcassets in Resources */,
				9165470325D0299E00E29EB2 /* Main.storyboard in Resources */,
			);
			runOnlyForDeploymentPostprocessing = 0;
		};
/* End PBXResourcesBuildPhase section */

/* Begin PBXSourcesBuildPhase section */
		916546F425D0299E00E29EB2 /* Sources */ = {
			isa = PBXSourcesBuildPhase;
			buildActionMask = 2147483647;
			files = (
				9165470625D0299E00E29EB2 /* TochkaTask.xcdatamodeld in Sources */,
				9165471D25D02DCD00E29EB2 /* NewsViewModel.swift in Sources */,
				9165470025D0299E00E29EB2 /* MainViewController.swift in Sources */,
				916546FC25D0299E00E29EB2 /* AppDelegate.swift in Sources */,
				916546FE25D0299E00E29EB2 /* SceneDelegate.swift in Sources */,
				9165471925D02CCD00E29EB2 /* ViewData.swift in Sources */,
			);
			runOnlyForDeploymentPostprocessing = 0;
		};
/* End PBXSourcesBuildPhase section */

/* Begin PBXVariantGroup section */
		9165470125D0299E00E29EB2 /* Main.storyboard */ = {
			isa = PBXVariantGroup;
			children = (
				9165470225D0299E00E29EB2 /* Base */,
			);
			name = Main.storyboard;
			sourceTree = "<group>";
		};
		9165470925D0299F00E29EB2 /* LaunchScreen.storyboard */ = {
			isa = PBXVariantGroup;
			children = (
				9165470A25D0299F00E29EB2 /* Base */,
			);
			name = LaunchScreen.storyboard;
			sourceTree = "<group>";
		};
/* End PBXVariantGroup section */

/* Begin XCBuildConfiguration section */
		9165470D25D0299F00E29EB2 /* Debug */ = {
			isa = XCBuildConfiguration;
			buildSettings = {
				ALWAYS_SEARCH_USER_PATHS = NO;
				CLANG_ANALYZER_NONNULL = YES;
				CLANG_ANALYZER_NUMBER_OBJECT_CONVERSION = YES_AGGRESSIVE;
				CLANG_CXX_LANGUAGE_STANDARD = "gnu++14";
				CLANG_CXX_LIBRARY = "libc++";
				CLANG_ENABLE_MODULES = YES;
				CLANG_ENABLE_OBJC_ARC = YES;
				CLANG_ENABLE_OBJC_WEAK = YES;
				CLANG_WARN_BLOCK_CAPTURE_AUTORELEASING = YES;
				CLANG_WARN_BOOL_CONVERSION = YES;
				CLANG_WARN_COMMA = YES;
				CLANG_WARN_CONSTANT_CONVERSION = YES;
				CLANG_WARN_DEPRECATED_OBJC_IMPLEMENTATIONS = YES;
				CLANG_WARN_DIRECT_OBJC_ISA_USAGE = YES_ERROR;
				CLANG_WARN_DOCUMENTATION_COMMENTS = YES;
				CLANG_WARN_EMPTY_BODY = YES;
				CLANG_WARN_ENUM_CONVERSION = YES;
				CLANG_WARN_INFINITE_RECURSION = YES;
				CLANG_WARN_INT_CONVERSION = YES;
				CLANG_WARN_NON_LITERAL_NULL_CONVERSION = YES;
				CLANG_WARN_OBJC_IMPLICIT_RETAIN_SELF = YES;
				CLANG_WARN_OBJC_LITERAL_CONVERSION = YES;
				CLANG_WARN_OBJC_ROOT_CLASS = YES_ERROR;
				CLANG_WARN_QUOTED_INCLUDE_IN_FRAMEWORK_HEADER = YES;
				CLANG_WARN_RANGE_LOOP_ANALYSIS = YES;
				CLANG_WARN_STRICT_PROTOTYPES = YES;
				CLANG_WARN_SUSPICIOUS_MOVE = YES;
				CLANG_WARN_UNGUARDED_AVAILABILITY = YES_AGGRESSIVE;
				CLANG_WARN_UNREACHABLE_CODE = YES;
				CLANG_WARN__DUPLICATE_METHOD_MATCH = YES;
				COPY_PHASE_STRIP = NO;
				DEBUG_INFORMATION_FORMAT = dwarf;
				ENABLE_STRICT_OBJC_MSGSEND = YES;
				ENABLE_TESTABILITY = YES;
				GCC_C_LANGUAGE_STANDARD = gnu11;
				GCC_DYNAMIC_NO_PIC = NO;
				GCC_NO_COMMON_BLOCKS = YES;
				GCC_OPTIMIZATION_LEVEL = 0;
				GCC_PREPROCESSOR_DEFINITIONS = (
					"DEBUG=1",
					"$(inherited)",
				);
				GCC_WARN_64_TO_32_BIT_CONVERSION = YES;
				GCC_WARN_ABOUT_RETURN_TYPE = YES_ERROR;
				GCC_WARN_UNDECLARED_SELECTOR = YES;
				GCC_WARN_UNINITIALIZED_AUTOS = YES_AGGRESSIVE;
				GCC_WARN_UNUSED_FUNCTION = YES;
				GCC_WARN_UNUSED_VARIABLE = YES;
				IPHONEOS_DEPLOYMENT_TARGET = 14.3;
				MTL_ENABLE_DEBUG_INFO = INCLUDE_SOURCE;
				MTL_FAST_MATH = YES;
				ONLY_ACTIVE_ARCH = YES;
				SDKROOT = iphoneos;
				SWIFT_ACTIVE_COMPILATION_CONDITIONS = DEBUG;
				SWIFT_OPTIMIZATION_LEVEL = "-Onone";
			};
			name = Debug;
		};
		9165470E25D0299F00E29EB2 /* Release */ = {
			isa = XCBuildConfiguration;
			buildSettings = {
				ALWAYS_SEARCH_USER_PATHS = NO;
				CLANG_ANALYZER_NONNULL = YES;
				CLANG_ANALYZER_NUMBER_OBJECT_CONVERSION = YES_AGGRESSIVE;
				CLANG_CXX_LANGUAGE_STANDARD = "gnu++14";
				CLANG_CXX_LIBRARY = "libc++";
				CLANG_ENABLE_MODULES = YES;
				CLANG_ENABLE_OBJC_ARC = YES;
				CLANG_ENABLE_OBJC_WEAK = YES;
				CLANG_WARN_BLOCK_CAPTURE_AUTORELEASING = YES;
				CLANG_WARN_BOOL_CONVERSION = YES;
				CLANG_WARN_COMMA = YES;
				CLANG_WARN_CONSTANT_CONVERSION = YES;
				CLANG_WARN_DEPRECATED_OBJC_IMPLEMENTATIONS = YES;
				CLANG_WARN_DIRECT_OBJC_ISA_USAGE = YES_ERROR;
				CLANG_WARN_DOCUMENTATION_COMMENTS = YES;
				CLANG_WARN_EMPTY_BODY = YES;
				CLANG_WARN_ENUM_CONVERSION = YES;
				CLANG_WARN_INFINITE_RECURSION = YES;
				CLANG_WARN_INT_CONVERSION = YES;
				CLANG_WARN_NON_LITERAL_NULL_CONVERSION = YES;
				CLANG_WARN_OBJC_IMPLICIT_RETAIN_SELF = YES;
				CLANG_WARN_OBJC_LITERAL_CONVERSION = YES;
				CLANG_WARN_OBJC_ROOT_CLASS = YES_ERROR;
				CLANG_WARN_QUOTED_INCLUDE_IN_FRAMEWORK_HEADER = YES;
				CLANG_WARN_RANGE_LOOP_ANALYSIS = YES;
				CLANG_WARN_STRICT_PROTOTYPES = YES;
				CLANG_WARN_SUSPICIOUS_MOVE = YES;
				CLANG_WARN_UNGUARDED_AVAILABILITY = YES_AGGRESSIVE;
				CLANG_WARN_UNREACHABLE_CODE = YES;
				CLANG_WARN__DUPLICATE_METHOD_MATCH = YES;
				COPY_PHASE_STRIP = NO;
				DEBUG_INFORMATION_FORMAT = "dwarf-with-dsym";
				ENABLE_NS_ASSERTIONS = NO;
				ENABLE_STRICT_OBJC_MSGSEND = YES;
				GCC_C_LANGUAGE_STANDARD = gnu11;
				GCC_NO_COMMON_BLOCKS = YES;
				GCC_WARN_64_TO_32_BIT_CONVERSION = YES;
				GCC_WARN_ABOUT_RETURN_TYPE = YES_ERROR;
				GCC_WARN_UNDECLARED_SELECTOR = YES;
				GCC_WARN_UNINITIALIZED_AUTOS = YES_AGGRESSIVE;
				GCC_WARN_UNUSED_FUNCTION = YES;
				GCC_WARN_UNUSED_VARIABLE = YES;
				IPHONEOS_DEPLOYMENT_TARGET = 14.3;
				MTL_ENABLE_DEBUG_INFO = NO;
				MTL_FAST_MATH = YES;
				SDKROOT = iphoneos;
				SWIFT_COMPILATION_MODE = wholemodule;
				SWIFT_OPTIMIZATION_LEVEL = "-O";
				VALIDATE_PRODUCT = YES;
			};
			name = Release;
		};
		9165471025D0299F00E29EB2 /* Debug */ = {
			isa = XCBuildConfiguration;
			buildSettings = {
				ASSETCATALOG_COMPILER_APPICON_NAME = AppIcon;
				ASSETCATALOG_COMPILER_GLOBAL_ACCENT_COLOR_NAME = AccentColor;
				CODE_SIGN_STYLE = Automatic;
				DEVELOPMENT_TEAM = 3VK9LW7XB2;
				INFOPLIST_FILE = TochkaTask/Info.plist;
				LD_RUNPATH_SEARCH_PATHS = (
					"$(inherited)",
					"@executable_path/Frameworks",
				);
				PRODUCT_BUNDLE_IDENTIFIER = com.tumakov.TochkaTask;
				PRODUCT_NAME = "$(TARGET_NAME)";
				SWIFT_VERSION = 5.0;
				TARGETED_DEVICE_FAMILY = "1,2";
			};
			name = Debug;
		};
		9165471125D0299F00E29EB2 /* Release */ = {
			isa = XCBuildConfiguration;
			buildSettings = {
				ASSETCATALOG_COMPILER_APPICON_NAME = AppIcon;
				ASSETCATALOG_COMPILER_GLOBAL_ACCENT_COLOR_NAME = AccentColor;
				CODE_SIGN_STYLE = Automatic;
				DEVELOPMENT_TEAM = 3VK9LW7XB2;
				INFOPLIST_FILE = TochkaTask/Info.plist;
				LD_RUNPATH_SEARCH_PATHS = (
					"$(inherited)",
					"@executable_path/Frameworks",
				);
				PRODUCT_BUNDLE_IDENTIFIER = com.tumakov.TochkaTask;
				PRODUCT_NAME = "$(TARGET_NAME)";
				SWIFT_VERSION = 5.0;
				TARGETED_DEVICE_FAMILY = "1,2";
			};
			name = Release;
		};
/* End XCBuildConfiguration section */

/* Begin XCConfigurationList section */
		916546F325D0299E00E29EB2 /* Build configuration list for PBXProject "TochkaTask" */ = {
			isa = XCConfigurationList;
			buildConfigurations = (
				9165470D25D0299F00E29EB2 /* Debug */,
				9165470E25D0299F00E29EB2 /* Release */,
			);
			defaultConfigurationIsVisible = 0;
			defaultConfigurationName = Release;
		};
		9165470F25D0299F00E29EB2 /* Build configuration list for PBXNativeTarget "TochkaTask" */ = {
			isa = XCConfigurationList;
			buildConfigurations = (
				9165471025D0299F00E29EB2 /* Debug */,
				9165471125D0299F00E29EB2 /* Release */,
			);
			defaultConfigurationIsVisible = 0;
			defaultConfigurationName = Release;
		};
/* End XCConfigurationList section */

/* Begin XCVersionGroup section */
		9165470425D0299E00E29EB2 /* TochkaTask.xcdatamodeld */ = {
			isa = XCVersionGroup;
			children = (
				9165470525D0299E00E29EB2 /* TochkaTask.xcdatamodel */,
			);
			currentVersion = 9165470525D0299E00E29EB2 /* TochkaTask.xcdatamodel */;
			path = TochkaTask.xcdatamodeld;
			sourceTree = "<group>";
			versionGroupType = wrapper.xcdatamodel;
		};
/* End XCVersionGroup section */
	};
	rootObject = 916546F025D0299E00E29EB2 /* Project object */;
}
