// !$*UTF8*$!
{
	archiveVersion = 1;
	classes = {
	};
	objectVersion = 51;
	objects = {

/* Begin PBXBuildFile section */
		8DC8D46643EFE3CEE4C64E7B /* Pods_TochkaTask.framework in Frameworks */ = {isa = PBXBuildFile; fileRef = E36945B8E4D5EB32DF5F6B7B /* Pods_TochkaTask.framework */; };
		9114451825E4FE7D00BA6DCF /* ArticleViewController.swift in Sources */ = {isa = PBXBuildFile; fileRef = 9114451725E4FE7D00BA6DCF /* ArticleViewController.swift */; };
		916546FC25D0299E00E29EB2 /* AppDelegate.swift in Sources */ = {isa = PBXBuildFile; fileRef = 916546FB25D0299E00E29EB2 /* AppDelegate.swift */; };
		916546FE25D0299E00E29EB2 /* SceneDelegate.swift in Sources */ = {isa = PBXBuildFile; fileRef = 916546FD25D0299E00E29EB2 /* SceneDelegate.swift */; };
		9165470025D0299E00E29EB2 /* MainViewController.swift in Sources */ = {isa = PBXBuildFile; fileRef = 916546FF25D0299E00E29EB2 /* MainViewController.swift */; };
		9165470625D0299E00E29EB2 /* TochkaTask.xcdatamodeld in Sources */ = {isa = PBXBuildFile; fileRef = 9165470425D0299E00E29EB2 /* TochkaTask.xcdatamodeld */; };
		9165470825D0299F00E29EB2 /* Assets.xcassets in Resources */ = {isa = PBXBuildFile; fileRef = 9165470725D0299F00E29EB2 /* Assets.xcassets */; };
		9165470B25D0299F00E29EB2 /* LaunchScreen.storyboard in Resources */ = {isa = PBXBuildFile; fileRef = 9165470925D0299F00E29EB2 /* LaunchScreen.storyboard */; };
		9165471925D02CCD00E29EB2 /* ViewData.swift in Sources */ = {isa = PBXBuildFile; fileRef = 9165471825D02CCD00E29EB2 /* ViewData.swift */; };
		9165471D25D02DCD00E29EB2 /* NewsViewModel.swift in Sources */ = {isa = PBXBuildFile; fileRef = 9165471C25D02DCD00E29EB2 /* NewsViewModel.swift */; };
		9165473925D10FB400E29EB2 /* MainView.swift in Sources */ = {isa = PBXBuildFile; fileRef = 9165473825D10FB400E29EB2 /* MainView.swift */; };
		9165474025D1170300E29EB2 /* APIClient.swift in Sources */ = {isa = PBXBuildFile; fileRef = 9165473F25D1170300E29EB2 /* APIClient.swift */; };
		9165474525D1255200E29EB2 /* MainView + Extension.swift in Sources */ = {isa = PBXBuildFile; fileRef = 9165474425D1255200E29EB2 /* MainView + Extension.swift */; };
		91E4BAA625D4F6CC001C3571 /* CoreDataManager.swift in Sources */ = {isa = PBXBuildFile; fileRef = 91E4BAA525D4F6CC001C3571 /* CoreDataManager.swift */; };
/* End PBXBuildFile section */

/* Begin PBXFileReference section */
		4CC36D54E928C8A1234133FE /* Pods-TochkaTask.release.xcconfig */ = {isa = PBXFileReference; includeInIndex = 1; lastKnownFileType = text.xcconfig; name = "Pods-TochkaTask.release.xcconfig"; path = "Target Support Files/Pods-TochkaTask/Pods-TochkaTask.release.xcconfig"; sourceTree = "<group>"; };
		83097CAE89056DC4E6A390E4 /* Pods-TochkaTask.debug.xcconfig */ = {isa = PBXFileReference; includeInIndex = 1; lastKnownFileType = text.xcconfig; name = "Pods-TochkaTask.debug.xcconfig"; path = "Target Support Files/Pods-TochkaTask/Pods-TochkaTask.debug.xcconfig"; sourceTree = "<group>"; };
		9114451725E4FE7D00BA6DCF /* ArticleViewController.swift */ = {isa = PBXFileReference; lastKnownFileType = sourcecode.swift; path = ArticleViewController.swift; sourceTree = "<group>"; };
		916546F825D0299E00E29EB2 /* TochkaTask.app */ = {isa = PBXFileReference; explicitFileType = wrapper.application; includeInIndex = 0; path = TochkaTask.app; sourceTree = BUILT_PRODUCTS_DIR; };
		916546FB25D0299E00E29EB2 /* AppDelegate.swift */ = {isa = PBXFileReference; lastKnownFileType = sourcecode.swift; path = AppDelegate.swift; sourceTree = "<group>"; };
		916546FD25D0299E00E29EB2 /* SceneDelegate.swift */ = {isa = PBXFileReference; lastKnownFileType = sourcecode.swift; path = SceneDelegate.swift; sourceTree = "<group>"; };
		916546FF25D0299E00E29EB2 /* MainViewController.swift */ = {isa = PBXFileReference; lastKnownFileType = sourcecode.swift; path = MainViewController.swift; sourceTree = "<group>"; };
		9165470525D0299E00E29EB2 /* TochkaTask.xcdatamodel */ = {isa = PBXFileReference; lastKnownFileType = wrapper.xcdatamodel; path = TochkaTask.xcdatamodel; sourceTree = "<group>"; };
		9165470725D0299F00E29EB2 /* Assets.xcassets */ = {isa = PBXFileReference; lastKnownFileType = folder.assetcatalog; path = Assets.xcassets; sourceTree = "<group>"; };
		9165470A25D0299F00E29EB2 /* Base */ = {isa = PBXFileReference; lastKnownFileType = file.storyboard; name = Base; path = Base.lproj/LaunchScreen.storyboard; sourceTree = "<group>"; };
		9165470C25D0299F00E29EB2 /* Info.plist */ = {isa = PBXFileReference; lastKnownFileType = text.plist.xml; path = Info.plist; sourceTree = "<group>"; };
		9165471825D02CCD00E29EB2 /* ViewData.swift */ = {isa = PBXFileReference; lastKnownFileType = sourcecode.swift; path = ViewData.swift; sourceTree = "<group>"; };
		9165471C25D02DCD00E29EB2 /* NewsViewModel.swift */ = {isa = PBXFileReference; lastKnownFileType = sourcecode.swift; path = NewsViewModel.swift; sourceTree = "<group>"; };
		9165473825D10FB400E29EB2 /* MainView.swift */ = {isa = PBXFileReference; lastKnownFileType = sourcecode.swift; path = MainView.swift; sourceTree = "<group>"; };
		9165473F25D1170300E29EB2 /* APIClient.swift */ = {isa = PBXFileReference; lastKnownFileType = sourcecode.swift; path = APIClient.swift; sourceTree = "<group>"; };
		9165474425D1255200E29EB2 /* MainView + Extension.swift */ = {isa = PBXFileReference; lastKnownFileType = sourcecode.swift; path = "MainView + Extension.swift"; sourceTree = "<group>"; };
		91E4BAA525D4F6CC001C3571 /* CoreDataManager.swift */ = {isa = PBXFileReference; lastKnownFileType = sourcecode.swift; path = CoreDataManager.swift; sourceTree = "<group>"; };
		E36945B8E4D5EB32DF5F6B7B /* Pods_TochkaTask.framework */ = {isa = PBXFileReference; explicitFileType = wrapper.framework; includeInIndex = 0; path = Pods_TochkaTask.framework; sourceTree = BUILT_PRODUCTS_DIR; };
/* End PBXFileReference section */

/* Begin PBXFrameworksBuildPhase section */
		916546F525D0299E00E29EB2 /* Frameworks */ = {
			isa = PBXFrameworksBuildPhase;
			buildActionMask = 2147483647;
			files = (
				8DC8D46643EFE3CEE4C64E7B /* Pods_TochkaTask.framework in Frameworks */,
			);
			runOnlyForDeploymentPostprocessing = 0;
		};
/* End PBXFrameworksBuildPhase section */

/* Begin PBXGroup section */
		3A315BFF67C29E2CC691E79B /* Frameworks */ = {
			isa = PBXGroup;
			children = (
				E36945B8E4D5EB32DF5F6B7B /* Pods_TochkaTask.framework */,
			);
			name = Frameworks;
			sourceTree = "<group>";
		};
		916546EF25D0299E00E29EB2 = {
			isa = PBXGroup;
			children = (
				916546FA25D0299E00E29EB2 /* TochkaTask */,
				916546F925D0299E00E29EB2 /* Products */,
				AE4958ACA4EBD9128CC6D238 /* Pods */,
				3A315BFF67C29E2CC691E79B /* Frameworks */,
			);
			sourceTree = "<group>";
		};
		916546F925D0299E00E29EB2 /* Products */ = {
			isa = PBXGroup;
			children = (
				916546F825D0299E00E29EB2 /* TochkaTask.app */,
			);
			name = Products;
			sourceTree = "<group>";
		};
		916546FA25D0299E00E29EB2 /* TochkaTask */ = {
			isa = PBXGroup;
			children = (
				9165471525D02C9200E29EB2 /* MainModule */,
				916546FB25D0299E00E29EB2 /* AppDelegate.swift */,
				916546FD25D0299E00E29EB2 /* SceneDelegate.swift */,
				9165470725D0299F00E29EB2 /* Assets.xcassets */,
				9165470925D0299F00E29EB2 /* LaunchScreen.storyboard */,
				9165470C25D0299F00E29EB2 /* Info.plist */,
				9165470425D0299E00E29EB2 /* TochkaTask.xcdatamodeld */,
			);
			path = TochkaTask;
			sourceTree = "<group>";
		};
		9165471425D02C7900E29EB2 /* View */ = {
			isa = PBXGroup;
			children = (
				916546FF25D0299E00E29EB2 /* MainViewController.swift */,
				9165473825D10FB400E29EB2 /* MainView.swift */,
				9165474425D1255200E29EB2 /* MainView + Extension.swift */,
				9114451725E4FE7D00BA6DCF /* ArticleViewController.swift */,
			);
			path = View;
			sourceTree = "<group>";
		};
		9165471525D02C9200E29EB2 /* MainModule */ = {
			isa = PBXGroup;
			children = (
				91E4BA9925D3BBA2001C3571 /* CoreData */,
				9165472C25D05A4700E29EB2 /* Network */,
				9165471B25D02DBB00E29EB2 /* ViewModel */,
				9165471725D02CBC00E29EB2 /* Model */,
				9165471425D02C7900E29EB2 /* View */,
			);
			path = MainModule;
			sourceTree = "<group>";
		};
		9165471725D02CBC00E29EB2 /* Model */ = {
			isa = PBXGroup;
			children = (
				9165471825D02CCD00E29EB2 /* ViewData.swift */,
			);
			path = Model;
			sourceTree = "<group>";
		};
		9165471B25D02DBB00E29EB2 /* ViewModel */ = {
			isa = PBXGroup;
			children = (
				9165471C25D02DCD00E29EB2 /* NewsViewModel.swift */,
			);
			path = ViewModel;
			sourceTree = "<group>";
		};
		9165472C25D05A4700E29EB2 /* Network */ = {
			isa = PBXGroup;
			children = (
				9165473F25D1170300E29EB2 /* APIClient.swift */,
			);
			path = Network;
			sourceTree = "<group>";
		};
		91E4BA9925D3BBA2001C3571 /* CoreData */ = {
			isa = PBXGroup;
			children = (
				91E4BAA525D4F6CC001C3571 /* CoreDataManager.swift */,
			);
			path = CoreData;
			sourceTree = "<group>";
		};
		AE4958ACA4EBD9128CC6D238 /* Pods */ = {
			isa = PBXGroup;
			children = (
				83097CAE89056DC4E6A390E4 /* Pods-TochkaTask.debug.xcconfig */,
				4CC36D54E928C8A1234133FE /* Pods-TochkaTask.release.xcconfig */,
			);
			path = Pods;
			sourceTree = "<group>";
		};
/* End PBXGroup section */

/* Begin PBXNativeTarget section */
		916546F725D0299E00E29EB2 /* TochkaTask */ = {
			isa = PBXNativeTarget;
			buildConfigurationList = 9165470F25D0299F00E29EB2 /* Build configuration list for PBXNativeTarget "TochkaTask" */;
			buildPhases = (
				7173876215372E02080B0157 /* [CP] Check Pods Manifest.lock */,
				916546F425D0299E00E29EB2 /* Sources */,
				916546F525D0299E00E29EB2 /* Frameworks */,
				916546F625D0299E00E29EB2 /* Resources */,
				EBCD74665B576027AA65D2D0 /* [CP] Embed Pods Frameworks */,
			);
			buildRules = (
			);
			dependencies = (
			);
			name = TochkaTask;
			productName = TochkaTask;
			productReference = 916546F825D0299E00E29EB2 /* TochkaTask.app */;
			productType = "com.apple.product-type.application";
		};
/* End PBXNativeTarget section */

/* Begin PBXProject section */
		916546F025D0299E00E29EB2 /* Project object */ = {
			isa = PBXProject;
			attributes = {
				LastSwiftUpdateCheck = 1230;
				LastUpgradeCheck = 1230;
				TargetAttributes = {
					916546F725D0299E00E29EB2 = {
						CreatedOnToolsVersion = 12.3;
					};
				};
			};
			buildConfigurationList = 916546F325D0299E00E29EB2 /* Build configuration list for PBXProject "TochkaTask" */;
			compatibilityVersion = "Xcode 9.3";
			developmentRegion = en;
			hasScannedForEncodings = 0;
			knownRegions = (
				en,
				Base,
			);
			mainGroup = 916546EF25D0299E00E29EB2;
			productRefGroup = 916546F925D0299E00E29EB2 /* Products */;
			projectDirPath = "";
			projectRoot = "";
			targets = (
				916546F725D0299E00E29EB2 /* TochkaTask */,
			);
		};
/* End PBXProject section */

/* Begin PBXResourcesBuildPhase section */
		916546F625D0299E00E29EB2 /* Resources */ = {
			isa = PBXResourcesBuildPhase;
			buildActionMask = 2147483647;
			files = (
				9165470B25D0299F00E29EB2 /* LaunchScreen.storyboard in Resources */,
				9165470825D0299F00E29EB2 /* Assets.xcassets in Resources */,
			);
			runOnlyForDeploymentPostprocessing = 0;
		};
/* End PBXResourcesBuildPhase section */

/* Begin PBXShellScriptBuildPhase section */
		7173876215372E02080B0157 /* [CP] Check Pods Manifest.lock */ = {
			isa = PBXShellScriptBuildPhase;
			buildActionMask = 2147483647;
			files = (
			);
			inputFileListPaths = (
			);
			inputPaths = (
				"${PODS_PODFILE_DIR_PATH}/Podfile.lock",
				"${PODS_ROOT}/Manifest.lock",
			);
			name = "[CP] Check Pods Manifest.lock";
			outputFileListPaths = (
			);
			outputPaths = (
				"$(DERIVED_FILE_DIR)/Pods-TochkaTask-checkManifestLockResult.txt",
			);
			runOnlyForDeploymentPostprocessing = 0;
			shellPath = /bin/sh;
			shellScript = "diff \"${PODS_PODFILE_DIR_PATH}/Podfile.lock\" \"${PODS_ROOT}/Manifest.lock\" > /dev/null\nif [ $? != 0 ] ; then\n    # print error to STDERR\n    echo \"error: The sandbox is not in sync with the Podfile.lock. Run 'pod install' or update your CocoaPods installation.\" >&2\n    exit 1\nfi\n# This output is used by Xcode 'outputs' to avoid re-running this script phase.\necho \"SUCCESS\" > \"${SCRIPT_OUTPUT_FILE_0}\"\n";
			showEnvVarsInLog = 0;
		};
		EBCD74665B576027AA65D2D0 /* [CP] Embed Pods Frameworks */ = {
			isa = PBXShellScriptBuildPhase;
			buildActionMask = 2147483647;
			files = (
			);
			inputFileListPaths = (
				"${PODS_ROOT}/Target Support Files/Pods-TochkaTask/Pods-TochkaTask-frameworks-${CONFIGURATION}-input-files.xcfilelist",
			);
			name = "[CP] Embed Pods Frameworks";
			outputFileListPaths = (
				"${PODS_ROOT}/Target Support Files/Pods-TochkaTask/Pods-TochkaTask-frameworks-${CONFIGURATION}-output-files.xcfilelist",
			);
			runOnlyForDeploymentPostprocessing = 0;
			shellPath = /bin/sh;
			shellScript = "\"${PODS_ROOT}/Target Support Files/Pods-TochkaTask/Pods-TochkaTask-frameworks.sh\"\n";
			showEnvVarsInLog = 0;
		};
/* End PBXShellScriptBuildPhase section */

/* Begin PBXSourcesBuildPhase section */
		916546F425D0299E00E29EB2 /* Sources */ = {
			isa = PBXSourcesBuildPhase;
			buildActionMask = 2147483647;
			files = (
				9165470625D0299E00E29EB2 /* TochkaTask.xcdatamodeld in Sources */,
				9114451825E4FE7D00BA6DCF /* ArticleViewController.swift in Sources */,
				9165471D25D02DCD00E29EB2 /* NewsViewModel.swift in Sources */,
				9165473925D10FB400E29EB2 /* MainView.swift in Sources */,
				9165474525D1255200E29EB2 /* MainView + Extension.swift in Sources */,
				9165474025D1170300E29EB2 /* APIClient.swift in Sources */,
				9165470025D0299E00E29EB2 /* MainViewController.swift in Sources */,
				916546FC25D0299E00E29EB2 /* AppDelegate.swift in Sources */,
				916546FE25D0299E00E29EB2 /* SceneDelegate.swift in Sources */,
				9165471925D02CCD00E29EB2 /* ViewData.swift in Sources */,
				91E4BAA625D4F6CC001C3571 /* CoreDataManager.swift in Sources */,
			);
			runOnlyForDeploymentPostprocessing = 0;
		};
/* End PBXSourcesBuildPhase section */

/* Begin PBXVariantGroup section */
		9165470925D0299F00E29EB2 /* LaunchScreen.storyboard */ = {
			isa = PBXVariantGroup;
			children = (
				9165470A25D0299F00E29EB2 /* Base */,
			);
			name = LaunchScreen.storyboard;
			sourceTree = "<group>";
		};
/* End PBXVariantGroup section */

/* Begin XCBuildConfiguration section */
		9165470D25D0299F00E29EB2 /* Debug */ = {
			isa = XCBuildConfiguration;
			buildSettings = {
				ALWAYS_SEARCH_USER_PATHS = NO;
				CLANG_ANALYZER_NONNULL = YES;
				CLANG_ANALYZER_NUMBER_OBJECT_CONVERSION = YES_AGGRESSIVE;
				CLANG_CXX_LANGUAGE_STANDARD = "gnu++14";
				CLANG_CXX_LIBRARY = "libc++";
				CLANG_ENABLE_MODULES = YES;
				CLANG_ENABLE_OBJC_ARC = YES;
				CLANG_ENABLE_OBJC_WEAK = YES;
				CLANG_WARN_BLOCK_CAPTURE_AUTORELEASING = YES;
				CLANG_WARN_BOOL_CONVERSION = YES;
				CLANG_WARN_COMMA = YES;
				CLANG_WARN_CONSTANT_CONVERSION = YES;
				CLANG_WARN_DEPRECATED_OBJC_IMPLEMENTATIONS = YES;
				CLANG_WARN_DIRECT_OBJC_ISA_USAGE = YES_ERROR;
				CLANG_WARN_DOCUMENTATION_COMMENTS = YES;
				CLANG_WARN_EMPTY_BODY = YES;
				CLANG_WARN_ENUM_CONVERSION = YES;
				CLANG_WARN_INFINITE_RECURSION = YES;
				CLANG_WARN_INT_CONVERSION = YES;
				CLANG_WARN_NON_LITERAL_NULL_CONVERSION = YES;
				CLANG_WARN_OBJC_IMPLICIT_RETAIN_SELF = YES;
				CLANG_WARN_OBJC_LITERAL_CONVERSION = YES;
				CLANG_WARN_OBJC_ROOT_CLASS = YES_ERROR;
				CLANG_WARN_QUOTED_INCLUDE_IN_FRAMEWORK_HEADER = YES;
				CLANG_WARN_RANGE_LOOP_ANALYSIS = YES;
				CLANG_WARN_STRICT_PROTOTYPES = YES;
				CLANG_WARN_SUSPICIOUS_MOVE = YES;
				CLANG_WARN_UNGUARDED_AVAILABILITY = YES_AGGRESSIVE;
				CLANG_WARN_UNREACHABLE_CODE = YES;
				CLANG_WARN__DUPLICATE_METHOD_MATCH = YES;
				COPY_PHASE_STRIP = NO;
				DEBUG_INFORMATION_FORMAT = dwarf;
				ENABLE_STRICT_OBJC_MSGSEND = YES;
				ENABLE_TESTABILITY = YES;
				GCC_C_LANGUAGE_STANDARD = gnu11;
				GCC_DYNAMIC_NO_PIC = NO;
				GCC_NO_COMMON_BLOCKS = YES;
				GCC_OPTIMIZATION_LEVEL = 0;
				GCC_PREPROCESSOR_DEFINITIONS = (
					"DEBUG=1",
					"$(inherited)",
				);
				GCC_WARN_64_TO_32_BIT_CONVERSION = YES;
				GCC_WARN_ABOUT_RETURN_TYPE = YES_ERROR;
				GCC_WARN_UNDECLARED_SELECTOR = YES;
				GCC_WARN_UNINITIALIZED_AUTOS = YES_AGGRESSIVE;
				GCC_WARN_UNUSED_FUNCTION = YES;
				GCC_WARN_UNUSED_VARIABLE = YES;
				IPHONEOS_DEPLOYMENT_TARGET = 14.3;
				MTL_ENABLE_DEBUG_INFO = INCLUDE_SOURCE;
				MTL_FAST_MATH = YES;
				ONLY_ACTIVE_ARCH = YES;
				SDKROOT = iphoneos;
				SWIFT_ACTIVE_COMPILATION_CONDITIONS = DEBUG;
				SWIFT_OPTIMIZATION_LEVEL = "-Onone";
			};
			name = Debug;
		};
		9165470E25D0299F00E29EB2 /* Release */ = {
			isa = XCBuildConfiguration;
			buildSettings = {
				ALWAYS_SEARCH_USER_PATHS = NO;
				CLANG_ANALYZER_NONNULL = YES;
				CLANG_ANALYZER_NUMBER_OBJECT_CONVERSION = YES_AGGRESSIVE;
				CLANG_CXX_LANGUAGE_STANDARD = "gnu++14";
				CLANG_CXX_LIBRARY = "libc++";
				CLANG_ENABLE_MODULES = YES;
				CLANG_ENABLE_OBJC_ARC = YES;
				CLANG_ENABLE_OBJC_WEAK = YES;
				CLANG_WARN_BLOCK_CAPTURE_AUTORELEASING = YES;
				CLANG_WARN_BOOL_CONVERSION = YES;
				CLANG_WARN_COMMA = YES;
				CLANG_WARN_CONSTANT_CONVERSION = YES;
				CLANG_WARN_DEPRECATED_OBJC_IMPLEMENTATIONS = YES;
				CLANG_WARN_DIRECT_OBJC_ISA_USAGE = YES_ERROR;
				CLANG_WARN_DOCUMENTATION_COMMENTS = YES;
				CLANG_WARN_EMPTY_BODY = YES;
				CLANG_WARN_ENUM_CONVERSION = YES;
				CLANG_WARN_INFINITE_RECURSION = YES;
				CLANG_WARN_INT_CONVERSION = YES;
				CLANG_WARN_NON_LITERAL_NULL_CONVERSION = YES;
				CLANG_WARN_OBJC_IMPLICIT_RETAIN_SELF = YES;
				CLANG_WARN_OBJC_LITERAL_CONVERSION = YES;
				CLANG_WARN_OBJC_ROOT_CLASS = YES_ERROR;
				CLANG_WARN_QUOTED_INCLUDE_IN_FRAMEWORK_HEADER = YES;
				CLANG_WARN_RANGE_LOOP_ANALYSIS = YES;
				CLANG_WARN_STRICT_PROTOTYPES = YES;
				CLANG_WARN_SUSPICIOUS_MOVE = YES;
				CLANG_WARN_UNGUARDED_AVAILABILITY = YES_AGGRESSIVE;
				CLANG_WARN_UNREACHABLE_CODE = YES;
				CLANG_WARN__DUPLICATE_METHOD_MATCH = YES;
				COPY_PHASE_STRIP = NO;
				DEBUG_INFORMATION_FORMAT = "dwarf-with-dsym";
				ENABLE_NS_ASSERTIONS = NO;
				ENABLE_STRICT_OBJC_MSGSEND = YES;
				GCC_C_LANGUAGE_STANDARD = gnu11;
				GCC_NO_COMMON_BLOCKS = YES;
				GCC_WARN_64_TO_32_BIT_CONVERSION = YES;
				GCC_WARN_ABOUT_RETURN_TYPE = YES_ERROR;
				GCC_WARN_UNDECLARED_SELECTOR = YES;
				GCC_WARN_UNINITIALIZED_AUTOS = YES_AGGRESSIVE;
				GCC_WARN_UNUSED_FUNCTION = YES;
				GCC_WARN_UNUSED_VARIABLE = YES;
				IPHONEOS_DEPLOYMENT_TARGET = 14.3;
				MTL_ENABLE_DEBUG_INFO = NO;
				MTL_FAST_MATH = YES;
				SDKROOT = iphoneos;
				SWIFT_COMPILATION_MODE = wholemodule;
				SWIFT_OPTIMIZATION_LEVEL = "-O";
				VALIDATE_PRODUCT = YES;
			};
			name = Release;
		};
		9165471025D0299F00E29EB2 /* Debug */ = {
			isa = XCBuildConfiguration;
			baseConfigurationReference = 83097CAE89056DC4E6A390E4 /* Pods-TochkaTask.debug.xcconfig */;
			buildSettings = {
				ASSETCATALOG_COMPILER_APPICON_NAME = AppIcon;
				ASSETCATALOG_COMPILER_GLOBAL_ACCENT_COLOR_NAME = AccentColor;
				CODE_SIGN_STYLE = Automatic;
				DEVELOPMENT_TEAM = 3VK9LW7XB2;
				INFOPLIST_FILE = TochkaTask/Info.plist;
				IPHONEOS_DEPLOYMENT_TARGET = 14.0;
				LD_RUNPATH_SEARCH_PATHS = (
					"$(inherited)",
					"@executable_path/Frameworks",
				);
				PRODUCT_BUNDLE_IDENTIFIER = com.tumakov.TochkaTask;
				PRODUCT_NAME = "$(TARGET_NAME)";
				SWIFT_VERSION = 5.0;
				TARGETED_DEVICE_FAMILY = 1;
			};
			name = Debug;
		};
		9165471125D0299F00E29EB2 /* Release */ = {
			isa = XCBuildConfiguration;
			baseConfigurationReference = 4CC36D54E928C8A1234133FE /* Pods-TochkaTask.release.xcconfig */;
			buildSettings = {
				ASSETCATALOG_COMPILER_APPICON_NAME = AppIcon;
				ASSETCATALOG_COMPILER_GLOBAL_ACCENT_COLOR_NAME = AccentColor;
				CODE_SIGN_STYLE = Automatic;
				DEVELOPMENT_TEAM = 3VK9LW7XB2;
				INFOPLIST_FILE = TochkaTask/Info.plist;
				IPHONEOS_DEPLOYMENT_TARGET = 14.0;
				LD_RUNPATH_SEARCH_PATHS = (
					"$(inherited)",
					"@executable_path/Frameworks",
				);
				PRODUCT_BUNDLE_IDENTIFIER = com.tumakov.TochkaTask;
				PRODUCT_NAME = "$(TARGET_NAME)";
				SWIFT_VERSION = 5.0;
				TARGETED_DEVICE_FAMILY = 1;
			};
			name = Release;
		};
/* End XCBuildConfiguration section */

/* Begin XCConfigurationList section */
		916546F325D0299E00E29EB2 /* Build configuration list for PBXProject "TochkaTask" */ = {
			isa = XCConfigurationList;
			buildConfigurations = (
				9165470D25D0299F00E29EB2 /* Debug */,
				9165470E25D0299F00E29EB2 /* Release */,
			);
			defaultConfigurationIsVisible = 0;
			defaultConfigurationName = Release;
		};
		9165470F25D0299F00E29EB2 /* Build configuration list for PBXNativeTarget "TochkaTask" */ = {
			isa = XCConfigurationList;
			buildConfigurations = (
				9165471025D0299F00E29EB2 /* Debug */,
				9165471125D0299F00E29EB2 /* Release */,
			);
			defaultConfigurationIsVisible = 0;
			defaultConfigurationName = Release;
		};
/* End XCConfigurationList section */

/* Begin XCVersionGroup section */
		9165470425D0299E00E29EB2 /* TochkaTask.xcdatamodeld */ = {
			isa = XCVersionGroup;
			children = (
				9165470525D0299E00E29EB2 /* TochkaTask.xcdatamodel */,
			);
			currentVersion = 9165470525D0299E00E29EB2 /* TochkaTask.xcdatamodel */;
			path = TochkaTask.xcdatamodeld;
			sourceTree = "<group>";
			versionGroupType = wrapper.xcdatamodel;
		};
/* End XCVersionGroup section */
	};
	rootObject = 916546F025D0299E00E29EB2 /* Project object */;
}
